
Microsoft Visual Studio Solution File, Format Version 12.00
# Visual Studio Version 17
VisualStudioVersion = 17.2.32630.192
MinimumVisualStudioVersion = 10.0.40219.1
Project("{FAE04EC0-301F-11D3-BF4B-00C04F79EFBC}") = "EndlessGrowth", "EndlessGrowth\EndlessGrowth.csproj", "{CCCCA1C2-0181-432B-8D64-14E2D3448442}"
EndProject
Global
	GlobalSection(SolutionConfigurationPlatforms) = preSolution
		Debug|Any CPU = Debug|Any CPU
		Release|Any CPU = Release|Any CPU
	EndGlobalSection
	GlobalSection(ProjectConfigurationPlatforms) = postSolution
		{CCCCA1C2-0181-432B-8D64-14E2D3448442}.Debug|Any CPU.ActiveCfg = Debug|Any CPU
		{CCCCA1C2-0181-432B-8D64-14E2D3448442}.Debug|Any CPU.Build.0 = Debug|Any CPU
		{CCCCA1C2-0181-432B-8D64-14E2D3448442}.Release|Any CPU.ActiveCfg = Release|Any CPU
		{CCCCA1C2-0181-432B-8D64-14E2D3448442}.Release|Any CPU.Build.0 = Release|Any CPU
	EndGlobalSection
	GlobalSection(SolutionProperties) = preSolution
		HideSolutionNode = FALSE
	EndGlobalSection
	GlobalSection(ExtensibilityGlobals) = postSolution
		SolutionGuid = {8BD49B0D-EED1-482A-8553-9EAA3B88F859}
	EndGlobalSection
EndGlobal
